
Microsoft Visual Studio Solution File, Format Version 12.00
# Visual Studio Version 17
VisualStudioVersion = 17.1.32210.238
MinimumVisualStudioVersion = 10.0.40219.1
Project("{FAE04EC0-301F-11D3-BF4B-00C04F79EFBC}") = "ConsoleApp", "ConsoleApp\ConsoleApp.csproj", "{5B2C8C74-D266-46A3-AEF3-C19AEE0E6624}"
EndProject
Project("{FAE04EC0-301F-11D3-BF4B-00C04F79EFBC}") = "WindowsFormsApp1", "WindowsFormsApp1\WindowsFormsApp1.csproj", "{203A618D-5F57-432E-870F-858B017BD8BA}"
EndProject
Project("{FAE04EC0-301F-11D3-BF4B-00C04F79EFBC}") = "UnitTestProject1", "UnitTestProject1\UnitTestProject1.csproj", "{9505D92B-FE62-46FF-9A1E-4F8C2183AB62}"
EndProject
Global
	GlobalSection(SolutionConfigurationPlatforms) = preSolution
		Debug|Any CPU = Debug|Any CPU
		Release|Any CPU = Release|Any CPU
	EndGlobalSection
	GlobalSection(ProjectConfigurationPlatforms) = postSolution
		{5B2C8C74-D266-46A3-AEF3-C19AEE0E6624}.Debug|Any CPU.ActiveCfg = Debug|Any CPU
		{5B2C8C74-D266-46A3-AEF3-C19AEE0E6624}.Debug|Any CPU.Build.0 = Debug|Any CPU
		{5B2C8C74-D266-46A3-AEF3-C19AEE0E6624}.Release|Any CPU.ActiveCfg = Release|Any CPU
		{5B2C8C74-D266-46A3-AEF3-C19AEE0E6624}.Release|Any CPU.Build.0 = Release|Any CPU
		{203A618D-5F57-432E-870F-858B017BD8BA}.Debug|Any CPU.ActiveCfg = Debug|Any CPU
		{203A618D-5F57-432E-870F-858B017BD8BA}.Debug|Any CPU.Build.0 = Debug|Any CPU
		{203A618D-5F57-432E-870F-858B017BD8BA}.Release|Any CPU.ActiveCfg = Release|Any CPU
		{203A618D-5F57-432E-870F-858B017BD8BA}.Release|Any CPU.Build.0 = Release|Any CPU
		{9505D92B-FE62-46FF-9A1E-4F8C2183AB62}.Debug|Any CPU.ActiveCfg = Debug|Any CPU
		{9505D92B-FE62-46FF-9A1E-4F8C2183AB62}.Debug|Any CPU.Build.0 = Debug|Any CPU
		{9505D92B-FE62-46FF-9A1E-4F8C2183AB62}.Release|Any CPU.ActiveCfg = Release|Any CPU
		{9505D92B-FE62-46FF-9A1E-4F8C2183AB62}.Release|Any CPU.Build.0 = Release|Any CPU
	EndGlobalSection
	GlobalSection(SolutionProperties) = preSolution
		HideSolutionNode = FALSE
	EndGlobalSection
	GlobalSection(ExtensibilityGlobals) = postSolution
		SolutionGuid = {0F423C21-232B-4FC3-8441-9135BED29946}
	EndGlobalSection
EndGlobal
